
Microsoft Visual Studio Solution File, Format Version 12.00
# Visual Studio Version 17
VisualStudioVersion = 17.11.35303.130
MinimumVisualStudioVersion = 10.0.40219.1
Project("{FAE04EC0-301F-11D3-BF4B-00C04F79EFBC}") = "IC_TurnUpWeb", "IC_TurnUpWeb.csproj", "{299AA018-1D38-4D36-8210-1A947A117CAE}"
EndProject
Global
	GlobalSection(SolutionConfigurationPlatforms) = preSolution
		Debug|Any CPU = Debug|Any CPU
		Release|Any CPU = Release|Any CPU
	EndGlobalSection
	GlobalSection(ProjectConfigurationPlatforms) = postSolution
		{299AA018-1D38-4D36-8210-1A947A117CAE}.Debug|Any CPU.ActiveCfg = Debug|Any CPU
		{299AA018-1D38-4D36-8210-1A947A117CAE}.Debug|Any CPU.Build.0 = Debug|Any CPU
		{299AA018-1D38-4D36-8210-1A947A117CAE}.Release|Any CPU.ActiveCfg = Release|Any CPU
		{299AA018-1D38-4D36-8210-1A947A117CAE}.Release|Any CPU.Build.0 = Release|Any CPU
	EndGlobalSection
	GlobalSection(SolutionProperties) = preSolution
		HideSolutionNode = FALSE
	EndGlobalSection
	GlobalSection(ExtensibilityGlobals) = postSolution
		SolutionGuid = {E2554506-0B5B-49E5-823E-EC9CBAEAEA0B}
	EndGlobalSection
EndGlobal
